
Microsoft Visual Studio Solution File, Format Version 12.00
# Visual Studio Version 17
VisualStudioVersion = 17.0.31903.59
MinimumVisualStudioVersion = 10.0.40219.1
Project("{FAE04EC0-301F-11D3-BF4B-00C04F79EFBC}") = "Voting_App_V1.0.Android", "Voting_App_V1.0\Voting_App_V1.0.Android\Voting_App_V1.0.Android.csproj", "{1E5C37F8-6299-4580-BDD2-71E5CC87B3AE}"
EndProject
Project("{FAE04EC0-301F-11D3-BF4B-00C04F79EFBC}") = "Voting_App_V1.0.iOS", "Voting_App_V1.0\Voting_App_V1.0.iOS\Voting_App_V1.0.iOS.csproj", "{81A3CE91-9270-48D2-A175-DE380627E019}"
EndProject
Project("{FAE04EC0-301F-11D3-BF4B-00C04F79EFBC}") = "Voting_App_V1.0", "Voting_App_V1.0\Voting_App_V1.0\Voting_App_V1.0.csproj", "{72412B7B-CD76-4D4F-9A06-26708DA668B5}"
EndProject
Global
	GlobalSection(SolutionConfigurationPlatforms) = preSolution
		Debug|Any CPU = Debug|Any CPU
		Debug|iPhone = Debug|iPhone
		Debug|iPhoneSimulator = Debug|iPhoneSimulator
		Release|Any CPU = Release|Any CPU
		Release|iPhone = Release|iPhone
		Release|iPhoneSimulator = Release|iPhoneSimulator
	EndGlobalSection
	GlobalSection(ProjectConfigurationPlatforms) = postSolution
		{1E5C37F8-6299-4580-BDD2-71E5CC87B3AE}.Debug|Any CPU.ActiveCfg = Debug|Any CPU
		{1E5C37F8-6299-4580-BDD2-71E5CC87B3AE}.Debug|Any CPU.Build.0 = Debug|Any CPU
		{1E5C37F8-6299-4580-BDD2-71E5CC87B3AE}.Debug|Any CPU.Deploy.0 = Debug|Any CPU
		{1E5C37F8-6299-4580-BDD2-71E5CC87B3AE}.Debug|iPhone.ActiveCfg = Debug|Any CPU
		{1E5C37F8-6299-4580-BDD2-71E5CC87B3AE}.Debug|iPhone.Build.0 = Debug|Any CPU
		{1E5C37F8-6299-4580-BDD2-71E5CC87B3AE}.Debug|iPhone.Deploy.0 = Debug|Any CPU
		{1E5C37F8-6299-4580-BDD2-71E5CC87B3AE}.Debug|iPhoneSimulator.ActiveCfg = Debug|Any CPU
		{1E5C37F8-6299-4580-BDD2-71E5CC87B3AE}.Debug|iPhoneSimulator.Build.0 = Debug|Any CPU
		{1E5C37F8-6299-4580-BDD2-71E5CC87B3AE}.Debug|iPhoneSimulator.Deploy.0 = Debug|Any CPU
		{1E5C37F8-6299-4580-BDD2-71E5CC87B3AE}.Release|Any CPU.ActiveCfg = Release|Any CPU
		{1E5C37F8-6299-4580-BDD2-71E5CC87B3AE}.Release|Any CPU.Build.0 = Release|Any CPU
		{1E5C37F8-6299-4580-BDD2-71E5CC87B3AE}.Release|Any CPU.Deploy.0 = Release|Any CPU
		{1E5C37F8-6299-4580-BDD2-71E5CC87B3AE}.Release|iPhone.ActiveCfg = Release|Any CPU
		{1E5C37F8-6299-4580-BDD2-71E5CC87B3AE}.Release|iPhone.Build.0 = Release|Any CPU
		{1E5C37F8-6299-4580-BDD2-71E5CC87B3AE}.Release|iPhone.Deploy.0 = Release|Any CPU
		{1E5C37F8-6299-4580-BDD2-71E5CC87B3AE}.Release|iPhoneSimulator.ActiveCfg = Release|Any CPU
		{1E5C37F8-6299-4580-BDD2-71E5CC87B3AE}.Release|iPhoneSimulator.Build.0 = Release|Any CPU
		{1E5C37F8-6299-4580-BDD2-71E5CC87B3AE}.Release|iPhoneSimulator.Deploy.0 = Release|Any CPU
		{81A3CE91-9270-48D2-A175-DE380627E019}.Debug|Any CPU.ActiveCfg = Debug|iPhone
		{81A3CE91-9270-48D2-A175-DE380627E019}.Debug|Any CPU.Build.0 = Debug|iPhone
		{81A3CE91-9270-48D2-A175-DE380627E019}.Debug|Any CPU.Deploy.0 = Debug|iPhone
		{81A3CE91-9270-48D2-A175-DE380627E019}.Debug|iPhone.ActiveCfg = Debug|iPhone
		{81A3CE91-9270-48D2-A175-DE380627E019}.Debug|iPhone.Build.0 = Debug|iPhone
		{81A3CE91-9270-48D2-A175-DE380627E019}.Debug|iPhone.Deploy.0 = Debug|iPhone
		{81A3CE91-9270-48D2-A175-DE380627E019}.Debug|iPhoneSimulator.ActiveCfg = Debug|iPhoneSimulator
		{81A3CE91-9270-48D2-A175-DE380627E019}.Debug|iPhoneSimulator.Build.0 = Debug|iPhoneSimulator
		{81A3CE91-9270-48D2-A175-DE380627E019}.Debug|iPhoneSimulator.Deploy.0 = Debug|iPhoneSimulator
		{81A3CE91-9270-48D2-A175-DE380627E019}.Release|Any CPU.ActiveCfg = Release|iPhoneSimulator
		{81A3CE91-9270-48D2-A175-DE380627E019}.Release|Any CPU.Build.0 = Release|iPhoneSimulator
		{81A3CE91-9270-48D2-A175-DE380627E019}.Release|Any CPU.Deploy.0 = Release|iPhoneSimulator
		{81A3CE91-9270-48D2-A175-DE380627E019}.Release|iPhone.ActiveCfg = Release|iPhone
		{81A3CE91-9270-48D2-A175-DE380627E019}.Release|iPhone.Build.0 = Release|iPhone
		{81A3CE91-9270-48D2-A175-DE380627E019}.Release|iPhone.Deploy.0 = Release|iPhone
		{81A3CE91-9270-48D2-A175-DE380627E019}.Release|iPhoneSimulator.ActiveCfg = Release|iPhoneSimulator
		{81A3CE91-9270-48D2-A175-DE380627E019}.Release|iPhoneSimulator.Build.0 = Release|iPhoneSimulator
		{81A3CE91-9270-48D2-A175-DE380627E019}.Release|iPhoneSimulator.Deploy.0 = Release|iPhoneSimulator
		{72412B7B-CD76-4D4F-9A06-26708DA668B5}.Debug|Any CPU.ActiveCfg = Debug|Any CPU
		{72412B7B-CD76-4D4F-9A06-26708DA668B5}.Debug|Any CPU.Build.0 = Debug|Any CPU
		{72412B7B-CD76-4D4F-9A06-26708DA668B5}.Debug|Any CPU.Deploy.0 = Debug|Any CPU
		{72412B7B-CD76-4D4F-9A06-26708DA668B5}.Debug|iPhone.ActiveCfg = Debug|Any CPU
		{72412B7B-CD76-4D4F-9A06-26708DA668B5}.Debug|iPhone.Build.0 = Debug|Any CPU
		{72412B7B-CD76-4D4F-9A06-26708DA668B5}.Debug|iPhone.Deploy.0 = Debug|Any CPU
		{72412B7B-CD76-4D4F-9A06-26708DA668B5}.Debug|iPhoneSimulator.ActiveCfg = Debug|Any CPU
		{72412B7B-CD76-4D4F-9A06-26708DA668B5}.Debug|iPhoneSimulator.Build.0 = Debug|Any CPU
		{72412B7B-CD76-4D4F-9A06-26708DA668B5}.Debug|iPhoneSimulator.Deploy.0 = Debug|Any CPU
		{72412B7B-CD76-4D4F-9A06-26708DA668B5}.Release|Any CPU.ActiveCfg = Release|Any CPU
		{72412B7B-CD76-4D4F-9A06-26708DA668B5}.Release|Any CPU.Build.0 = Release|Any CPU
		{72412B7B-CD76-4D4F-9A06-26708DA668B5}.Release|Any CPU.Deploy.0 = Release|Any CPU
		{72412B7B-CD76-4D4F-9A06-26708DA668B5}.Release|iPhone.ActiveCfg = Release|Any CPU
		{72412B7B-CD76-4D4F-9A06-26708DA668B5}.Release|iPhone.Build.0 = Release|Any CPU
		{72412B7B-CD76-4D4F-9A06-26708DA668B5}.Release|iPhone.Deploy.0 = Release|Any CPU
		{72412B7B-CD76-4D4F-9A06-26708DA668B5}.Release|iPhoneSimulator.ActiveCfg = Release|Any CPU
		{72412B7B-CD76-4D4F-9A06-26708DA668B5}.Release|iPhoneSimulator.Build.0 = Release|Any CPU
		{72412B7B-CD76-4D4F-9A06-26708DA668B5}.Release|iPhoneSimulator.Deploy.0 = Release|Any CPU
	EndGlobalSection
	GlobalSection(SolutionProperties) = preSolution
		HideSolutionNode = FALSE
	EndGlobalSection
	GlobalSection(ExtensibilityGlobals) = postSolution
		SolutionGuid = {DF9B3310-AEFE-4487-8265-10DAD167C010}
	EndGlobalSection
EndGlobal
